
Microsoft Visual Studio Solution File, Format Version 12.00
# Visual Studio Version 16
VisualStudioVersion = 16.0.30114.105
MinimumVisualStudioVersion = 10.0.40219.1
Project("{8BC9CEB8-8B4A-11D0-8D11-00A0C91BC942}") = "lnklst students", "lnklst students\lnklst students.vcxproj", "{47EAFCF2-FAE1-4455-93DB-86E7AFD5DE40}"
EndProject
Global
	GlobalSection(SolutionConfigurationPlatforms) = preSolution
		Debug|x64 = Debug|x64
		Debug|x86 = Debug|x86
		Release|x64 = Release|x64
		Release|x86 = Release|x86
	EndGlobalSection
	GlobalSection(ProjectConfigurationPlatforms) = postSolution
		{47EAFCF2-FAE1-4455-93DB-86E7AFD5DE40}.Debug|x64.ActiveCfg = Debug|x64
		{47EAFCF2-FAE1-4455-93DB-86E7AFD5DE40}.Debug|x64.Build.0 = Debug|x64
		{47EAFCF2-FAE1-4455-93DB-86E7AFD5DE40}.Debug|x86.ActiveCfg = Debug|Win32
		{47EAFCF2-FAE1-4455-93DB-86E7AFD5DE40}.Debug|x86.Build.0 = Debug|Win32
		{47EAFCF2-FAE1-4455-93DB-86E7AFD5DE40}.Release|x64.ActiveCfg = Release|x64
		{47EAFCF2-FAE1-4455-93DB-86E7AFD5DE40}.Release|x64.Build.0 = Release|x64
		{47EAFCF2-FAE1-4455-93DB-86E7AFD5DE40}.Release|x86.ActiveCfg = Release|Win32
		{47EAFCF2-FAE1-4455-93DB-86E7AFD5DE40}.Release|x86.Build.0 = Release|Win32
	EndGlobalSection
	GlobalSection(SolutionProperties) = preSolution
		HideSolutionNode = FALSE
	EndGlobalSection
	GlobalSection(ExtensibilityGlobals) = postSolution
		SolutionGuid = {0119FDC1-CA05-4368-AC83-4E6E7CED88E0}
	EndGlobalSection
EndGlobal
